
Microsoft Visual Studio Solution File, Format Version 12.00
# Visual Studio Version 17
VisualStudioVersion = 17.11.35327.3
MinimumVisualStudioVersion = 10.0.40219.1
Project("{FAE04EC0-301F-11D3-BF4B-00C04F79EFBC}") = "SocxoBlurbCommentGenerator", "SocxoBlurbCommentGenerator.csproj", "{EA8A94BB-3284-405E-9614-C7724DCB9E8F}"
EndProject
Global
	GlobalSection(SolutionConfigurationPlatforms) = preSolution
		Debug|Any CPU = Debug|Any CPU
		Release|Any CPU = Release|Any CPU
	EndGlobalSection
	GlobalSection(ProjectConfigurationPlatforms) = postSolution
		{EA8A94BB-3284-405E-9614-C7724DCB9E8F}.Debug|Any CPU.ActiveCfg = Debug|Any CPU
		{EA8A94BB-3284-405E-9614-C7724DCB9E8F}.Debug|Any CPU.Build.0 = Debug|Any CPU
		{EA8A94BB-3284-405E-9614-C7724DCB9E8F}.Release|Any CPU.ActiveCfg = Release|Any CPU
		{EA8A94BB-3284-405E-9614-C7724DCB9E8F}.Release|Any CPU.Build.0 = Release|Any CPU
	EndGlobalSection
	GlobalSection(SolutionProperties) = preSolution
		HideSolutionNode = FALSE
	EndGlobalSection
	GlobalSection(ExtensibilityGlobals) = postSolution
		SolutionGuid = {E350E79A-65B2-4D1B-A206-1BA7AA952820}
	EndGlobalSection
EndGlobal
